        "@types/jest": "^27.5.2",
        "@types/node": "^16.18.23",
        "@types/react": "^18.0.31",
        "@types/react-dom": "^18.0.11",
      "version": "29.5.14",
      "resolved": "https://registry.npmjs.org/@types/jest/-/jest-29.5.14.tgz",
      "integrity": "sha512-ZN+4sdnLUbo8EVvVc2ao0GFW6oVrQRPn4K2lglySj7APvSrgzxHiNNK99us4WDMi57xxA2yggblIAMNhXOotLQ==",
      "license": "MIT",
      "version": "20.19.1",
      "resolved": "https://registry.npmjs.org/@types/node/-/node-20.19.1.tgz",
      "integrity": "sha512-jJD50LtlD2dodAEO653i3YF04NWak6jN3ky+Ri3Em3mGR39/glWiboM/IePaRbgwSfqM1TpGXfAg8ohn/4dTgA==",
      "license": "MIT",
        "undici-types": "~6.21.0"
    "node_modules/@types/node/node_modules/undici-types": {
      "version": "6.21.0",
      "resolved": "https://registry.npmjs.org/undici-types/-/undici-types-6.21.0.tgz",
      "integrity": "sha512-iwDZqg0QAGrg9Rav5H4n0M64c3mkR59cJ6wQp+7C4nI0gsmExaedaYLNO44eT4AtBBwjbTiGPMlt2Md0T9H9JQ==",
      "license": "MIT"
    },
      "integrity": "sha512-JlCMO+ehdEIKqlFxk6IfVoAUVmgz7cU7zD/h9XZ0qzeosSHmUJVOzSQvvYSYWXkFXC+IfLKSIffhv0sVZup6pA==",
      "dev": true
      "version": "29.5.14",
      "resolved": "https://registry.npmjs.org/@types/jest/-/jest-29.5.14.tgz",
      "integrity": "sha512-ZN+4sdnLUbo8EVvVc2ao0GFW6oVrQRPn4K2lglySj7APvSrgzxHiNNK99us4WDMi57xxA2yggblIAMNhXOotLQ==",
      "version": "20.19.1",
      "resolved": "https://registry.npmjs.org/@types/node/-/node-20.19.1.tgz",
      "integrity": "sha512-jJD50LtlD2dodAEO653i3YF04NWak6jN3ky+Ri3Em3mGR39/glWiboM/IePaRbgwSfqM1TpGXfAg8ohn/4dTgA==",
        "undici-types": "~6.21.0"
      },
      "dependencies": {
        "undici-types": {
          "version": "6.21.0",
          "resolved": "https://registry.npmjs.org/undici-types/-/undici-types-6.21.0.tgz",
          "integrity": "sha512-iwDZqg0QAGrg9Rav5H4n0M64c3mkR59cJ6wQp+7C4nI0gsmExaedaYLNO44eT4AtBBwjbTiGPMlt2Md0T9H9JQ=="
        }
      "integrity": "sha512-JlCMO+ehdEIKqlFxk6IfVoAUVmgz7cU7zD/h9XZ0qzeosSHmUJVOzSQvvYSYWXkFXC+IfLKSIffhv0sVZup6pA==",
      "dev": true
      "version": "29.5.11",
      "resolved": "https://registry.npmjs.org/@types/jest/-/jest-29.5.11.tgz",
      "integrity": "sha512-S2mHmYIVe13vrm6q4kN6fLYYAka15ALQki/vgDC3mIukEOx8WJlv0kQPM+d4w8Gp6u0uSdKND04IlTXBv0rwnQ==",
      "version": "20.11.5",
      "resolved": "https://registry.npmjs.org/@types/node/-/node-20.11.5.tgz",
      "integrity": "sha512-g557vgQjUUfN76MZAN/dt1z3dzcUsimuysco0KeluHgrPdJXkP/XdAURgyO2W9fZWHRtRBiVKzKn8vyOAwlG+w==",
        "undici-types": "~5.26.4"
      "integrity": "sha512-JlCMO+ehdEIKqlFxk6IfVoAUVmgz7cU7zD/h9XZ0qzeosSHmUJVOzSQvvYSYWXkFXC+IfLKSIffhv0sVZup6pA=="
      "version": "29.5.11",
      "resolved": "https://registry.npmjs.org/@types/jest/-/jest-29.5.11.tgz",
      "integrity": "sha512-S2mHmYIVe13vrm6q4kN6fLYYAka15ALQki/vgDC3mIukEOx8WJlv0kQPM+d4w8Gp6u0uSdKND04IlTXBv0rwnQ==",
      "version": "20.11.5",
      "resolved": "https://registry.npmjs.org/@types/node/-/node-20.11.5.tgz",
      "integrity": "sha512-g557vgQjUUfN76MZAN/dt1z3dzcUsimuysco0KeluHgrPdJXkP/XdAURgyO2W9fZWHRtRBiVKzKn8vyOAwlG+w==",
        "undici-types": "~5.26.4"
      "integrity": "sha512-JlCMO+ehdEIKqlFxk6IfVoAUVmgz7cU7zD/h9XZ0qzeosSHmUJVOzSQvvYSYWXkFXC+IfLKSIffhv0sVZup6pA=="
